
Microsoft Visual Studio Solution File, Format Version 12.00
# Visual Studio 15
VisualStudioVersion = 15.0.27004.2005
MinimumVisualStudioVersion = 10.0.40219.1
Project("{FAE04EC0-301F-11D3-BF4B-00C04F79EFBC}") = "Handiness", "Handiness\Handiness.csproj", "{6B66B774-8B6E-4C61-8B24-9E5B8BF383A4}"
EndProject
Project("{FAE04EC0-301F-11D3-BF4B-00C04F79EFBC}") = "Handiness.CodeBuild", "Handiness.CodeBuild\Handiness.CodeBuild.csproj", "{AB7A0AA5-27F5-46F6-BAD3-8E1125827669}"
EndProject
Project("{FAE04EC0-301F-11D3-BF4B-00C04F79EFBC}") = "Handiness.MySql", "Handiness.MySql\Handiness.MySql.csproj", "{57E43300-CA7F-42C5-9D17-611399EFE8F3}"
EndProject
Project("{FAE04EC0-301F-11D3-BF4B-00C04F79EFBC}") = "ConsoleTestUnit", "ConsoleTestUnit\ConsoleTestUnit.csproj", "{71EC61D6-2943-4702-A364-FC569C92DBB4}"
EndProject
Project("{FAE04EC0-301F-11D3-BF4B-00C04F79EFBC}") = "Handiness.Oracle", "Handiness.Oracle\Handiness.Oracle.csproj", "{6CE17AB7-656F-4439-A1C4-9A6A74863376}"
EndProject
Project("{FAE04EC0-301F-11D3-BF4B-00C04F79EFBC}") = "Handiness.Redis", "Handiness.Redis\Handiness.Redis.csproj", "{12B0F06F-7024-423B-8142-C336A7DB5AA5}"
EndProject
Project("{FAE04EC0-301F-11D3-BF4B-00C04F79EFBC}") = "Handiness.VSIX", "Handiness.VSIX\Handiness.VSIX.csproj", "{8A13944B-43EF-4B98-A6F9-FAEA77F9393B}"
EndProject
Project("{FAE04EC0-301F-11D3-BF4B-00C04F79EFBC}") = "TestUnit", "TestUnit\TestUnit.csproj", "{210A8C31-D235-45D5-8E21-B26ED245EFFF}"
EndProject
Project("{FAE04EC0-301F-11D3-BF4B-00C04F79EFBC}") = "Handiness.Orm", "Handiness.Orm\Handiness.Orm.csproj", "{3D23B7E9-6D06-4318-91AA-58C6D100B7C8}"
EndProject
Project("{2150E333-8FDC-42A3-9474-1A3956D46DE8}") = "1.0", "1.0", "{364F44B1-38E9-445A-A8EE-592065C249A9}"
EndProject
Project("{2150E333-8FDC-42A3-9474-1A3956D46DE8}") = "Schema信息", "Schema信息", "{F029F2C5-F861-4D9E-89FF-E72CEC958C8B}"
EndProject
Project("{FAE04EC0-301F-11D3-BF4B-00C04F79EFBC}") = "SchemaViewer", "SchemaViewer\SchemaViewer.csproj", "{FAF616C4-7240-44CB-B3C0-B729ABE3B776}"
EndProject
Project("{FAE04EC0-301F-11D3-BF4B-00C04F79EFBC}") = "Handiness.Orm.Test", "Handiness.Orm.Test\Handiness.Orm.Test.csproj", "{22CA05F1-D1C4-48AA-9F02-6EAAD9E6795E}"
EndProject
Project("{FAE04EC0-301F-11D3-BF4B-00C04F79EFBC}") = "Handiness.CodeBuild.Startup", "Handiness.CodeBuild.Startup\Handiness.CodeBuild.Startup.csproj", "{6BD44CEF-69D0-4737-941A-2A6F669BF973}"
EndProject
Project("{2150E333-8FDC-42A3-9474-1A3956D46DE8}") = "2.0", "2.0", "{793753D2-F912-4712-9A39-28287760750F}"
EndProject
Project("{9A19103F-16F7-4668-BE54-9A1E7A4F7556}") = "Handiness2", "Handiness2\Handiness2.csproj", "{2C0EE31A-1372-42C8-8F78-BE63648E85E7}"
EndProject
Project("{9A19103F-16F7-4668-BE54-9A1E7A4F7556}") = "Handiness2.SyntaxTest", "Handiness2.SyntaxTest\Handiness2.SyntaxTest.csproj", "{2D323146-87F9-47E4-AFA1-5A2939CA5D48}"
EndProject
Project("{9A19103F-16F7-4668-BE54-9A1E7A4F7556}") = "Handiness2.Schema", "Handiness2.Schema\Handiness2.Schema.csproj", "{8B3D70DC-8666-4B7E-8EEB-E3747F3B1173}"
EndProject
Project("{9A19103F-16F7-4668-BE54-9A1E7A4F7556}") = "Handiness2.Schema.SQLServer", "Handiness2.Schema.SQLServer\Handiness2.Schema.SQLServer.csproj", "{C7777E73-B40C-47C3-A71B-3F68824A8C97}"
EndProject
Project("{2150E333-8FDC-42A3-9474-1A3956D46DE8}") = "SQL Server", "SQL Server", "{F050011C-DFA4-421E-937E-0D5E3B25C6A5}"
EndProject
Project("{9A19103F-16F7-4668-BE54-9A1E7A4F7556}") = "Handiness2.SQLServer", "Handiness2.SQLServer\Handiness2.SQLServer.csproj", "{9504693C-B36D-4293-83A8-E75668611573}"
EndProject
Project("{9A19103F-16F7-4668-BE54-9A1E7A4F7556}") = "Handiness2.Schema.Test", "Handiness2.Schema.Test\Handiness2.Schema.Test.csproj", "{96D51B96-DD77-4A08-9AF6-6FD0C60F688F}"
EndProject
Project("{FAE04EC0-301F-11D3-BF4B-00C04F79EFBC}") = "Handiness2.Schema.Exporter", "Handiness2.Schema.Exporter\Handiness2.Schema.Exporter.csproj", "{F4DA840A-9355-4FE9-AACB-F1BCF6E21636}"
EndProject
Global
	GlobalSection(SolutionConfigurationPlatforms) = preSolution
		Debug|Any CPU = Debug|Any CPU
		Release|Any CPU = Release|Any CPU
	EndGlobalSection
	GlobalSection(ProjectConfigurationPlatforms) = postSolution
		{6B66B774-8B6E-4C61-8B24-9E5B8BF383A4}.Debug|Any CPU.ActiveCfg = Debug|Any CPU
		{6B66B774-8B6E-4C61-8B24-9E5B8BF383A4}.Debug|Any CPU.Build.0 = Debug|Any CPU
		{6B66B774-8B6E-4C61-8B24-9E5B8BF383A4}.Release|Any CPU.ActiveCfg = Release|Any CPU
		{6B66B774-8B6E-4C61-8B24-9E5B8BF383A4}.Release|Any CPU.Build.0 = Release|Any CPU
		{AB7A0AA5-27F5-46F6-BAD3-8E1125827669}.Debug|Any CPU.ActiveCfg = Debug|Any CPU
		{AB7A0AA5-27F5-46F6-BAD3-8E1125827669}.Debug|Any CPU.Build.0 = Debug|Any CPU
		{AB7A0AA5-27F5-46F6-BAD3-8E1125827669}.Release|Any CPU.ActiveCfg = Release|Any CPU
		{AB7A0AA5-27F5-46F6-BAD3-8E1125827669}.Release|Any CPU.Build.0 = Release|Any CPU
		{57E43300-CA7F-42C5-9D17-611399EFE8F3}.Debug|Any CPU.ActiveCfg = Debug|Any CPU
		{57E43300-CA7F-42C5-9D17-611399EFE8F3}.Debug|Any CPU.Build.0 = Debug|Any CPU
		{57E43300-CA7F-42C5-9D17-611399EFE8F3}.Release|Any CPU.ActiveCfg = Release|Any CPU
		{57E43300-CA7F-42C5-9D17-611399EFE8F3}.Release|Any CPU.Build.0 = Release|Any CPU
		{71EC61D6-2943-4702-A364-FC569C92DBB4}.Debug|Any CPU.ActiveCfg = Debug|Any CPU
		{71EC61D6-2943-4702-A364-FC569C92DBB4}.Debug|Any CPU.Build.0 = Debug|Any CPU
		{71EC61D6-2943-4702-A364-FC569C92DBB4}.Release|Any CPU.ActiveCfg = Release|Any CPU
		{71EC61D6-2943-4702-A364-FC569C92DBB4}.Release|Any CPU.Build.0 = Release|Any CPU
		{6CE17AB7-656F-4439-A1C4-9A6A74863376}.Debug|Any CPU.ActiveCfg = Debug|Any CPU
		{6CE17AB7-656F-4439-A1C4-9A6A74863376}.Debug|Any CPU.Build.0 = Debug|Any CPU
		{6CE17AB7-656F-4439-A1C4-9A6A74863376}.Release|Any CPU.ActiveCfg = Release|Any CPU
		{6CE17AB7-656F-4439-A1C4-9A6A74863376}.Release|Any CPU.Build.0 = Release|Any CPU
		{12B0F06F-7024-423B-8142-C336A7DB5AA5}.Debug|Any CPU.ActiveCfg = Debug|Any CPU
		{12B0F06F-7024-423B-8142-C336A7DB5AA5}.Debug|Any CPU.Build.0 = Debug|Any CPU
		{12B0F06F-7024-423B-8142-C336A7DB5AA5}.Release|Any CPU.ActiveCfg = Release|Any CPU
		{12B0F06F-7024-423B-8142-C336A7DB5AA5}.Release|Any CPU.Build.0 = Release|Any CPU
		{8A13944B-43EF-4B98-A6F9-FAEA77F9393B}.Debug|Any CPU.ActiveCfg = Debug|Any CPU
		{8A13944B-43EF-4B98-A6F9-FAEA77F9393B}.Debug|Any CPU.Build.0 = Debug|Any CPU
		{8A13944B-43EF-4B98-A6F9-FAEA77F9393B}.Release|Any CPU.ActiveCfg = Release|Any CPU
		{8A13944B-43EF-4B98-A6F9-FAEA77F9393B}.Release|Any CPU.Build.0 = Release|Any CPU
		{210A8C31-D235-45D5-8E21-B26ED245EFFF}.Debug|Any CPU.ActiveCfg = Debug|Any CPU
		{210A8C31-D235-45D5-8E21-B26ED245EFFF}.Debug|Any CPU.Build.0 = Debug|Any CPU
		{210A8C31-D235-45D5-8E21-B26ED245EFFF}.Release|Any CPU.ActiveCfg = Release|Any CPU
		{210A8C31-D235-45D5-8E21-B26ED245EFFF}.Release|Any CPU.Build.0 = Release|Any CPU
		{3D23B7E9-6D06-4318-91AA-58C6D100B7C8}.Debug|Any CPU.ActiveCfg = Debug|Any CPU
		{3D23B7E9-6D06-4318-91AA-58C6D100B7C8}.Debug|Any CPU.Build.0 = Debug|Any CPU
		{3D23B7E9-6D06-4318-91AA-58C6D100B7C8}.Release|Any CPU.ActiveCfg = Release|Any CPU
		{3D23B7E9-6D06-4318-91AA-58C6D100B7C8}.Release|Any CPU.Build.0 = Release|Any CPU
		{FAF616C4-7240-44CB-B3C0-B729ABE3B776}.Debug|Any CPU.ActiveCfg = Debug|Any CPU
		{FAF616C4-7240-44CB-B3C0-B729ABE3B776}.Debug|Any CPU.Build.0 = Debug|Any CPU
		{FAF616C4-7240-44CB-B3C0-B729ABE3B776}.Release|Any CPU.ActiveCfg = Release|Any CPU
		{FAF616C4-7240-44CB-B3C0-B729ABE3B776}.Release|Any CPU.Build.0 = Release|Any CPU
		{22CA05F1-D1C4-48AA-9F02-6EAAD9E6795E}.Debug|Any CPU.ActiveCfg = Debug|Any CPU
		{22CA05F1-D1C4-48AA-9F02-6EAAD9E6795E}.Debug|Any CPU.Build.0 = Debug|Any CPU
		{22CA05F1-D1C4-48AA-9F02-6EAAD9E6795E}.Release|Any CPU.ActiveCfg = Release|Any CPU
		{22CA05F1-D1C4-48AA-9F02-6EAAD9E6795E}.Release|Any CPU.Build.0 = Release|Any CPU
		{6BD44CEF-69D0-4737-941A-2A6F669BF973}.Debug|Any CPU.ActiveCfg = Debug|Any CPU
		{6BD44CEF-69D0-4737-941A-2A6F669BF973}.Debug|Any CPU.Build.0 = Debug|Any CPU
		{6BD44CEF-69D0-4737-941A-2A6F669BF973}.Release|Any CPU.ActiveCfg = Release|Any CPU
		{6BD44CEF-69D0-4737-941A-2A6F669BF973}.Release|Any CPU.Build.0 = Release|Any CPU
		{2C0EE31A-1372-42C8-8F78-BE63648E85E7}.Debug|Any CPU.ActiveCfg = Debug|Any CPU
		{2C0EE31A-1372-42C8-8F78-BE63648E85E7}.Debug|Any CPU.Build.0 = Debug|Any CPU
		{2C0EE31A-1372-42C8-8F78-BE63648E85E7}.Release|Any CPU.ActiveCfg = Release|Any CPU
		{2C0EE31A-1372-42C8-8F78-BE63648E85E7}.Release|Any CPU.Build.0 = Release|Any CPU
		{2D323146-87F9-47E4-AFA1-5A2939CA5D48}.Debug|Any CPU.ActiveCfg = Debug|Any CPU
		{2D323146-87F9-47E4-AFA1-5A2939CA5D48}.Debug|Any CPU.Build.0 = Debug|Any CPU
		{2D323146-87F9-47E4-AFA1-5A2939CA5D48}.Release|Any CPU.ActiveCfg = Release|Any CPU
		{2D323146-87F9-47E4-AFA1-5A2939CA5D48}.Release|Any CPU.Build.0 = Release|Any CPU
		{8B3D70DC-8666-4B7E-8EEB-E3747F3B1173}.Debug|Any CPU.ActiveCfg = Debug|Any CPU
		{8B3D70DC-8666-4B7E-8EEB-E3747F3B1173}.Debug|Any CPU.Build.0 = Debug|Any CPU
		{8B3D70DC-8666-4B7E-8EEB-E3747F3B1173}.Release|Any CPU.ActiveCfg = Release|Any CPU
		{8B3D70DC-8666-4B7E-8EEB-E3747F3B1173}.Release|Any CPU.Build.0 = Release|Any CPU
		{C7777E73-B40C-47C3-A71B-3F68824A8C97}.Debug|Any CPU.ActiveCfg = Debug|Any CPU
		{C7777E73-B40C-47C3-A71B-3F68824A8C97}.Debug|Any CPU.Build.0 = Debug|Any CPU
		{C7777E73-B40C-47C3-A71B-3F68824A8C97}.Release|Any CPU.ActiveCfg = Release|Any CPU
		{C7777E73-B40C-47C3-A71B-3F68824A8C97}.Release|Any CPU.Build.0 = Release|Any CPU
		{9504693C-B36D-4293-83A8-E75668611573}.Debug|Any CPU.ActiveCfg = Debug|Any CPU
		{9504693C-B36D-4293-83A8-E75668611573}.Debug|Any CPU.Build.0 = Debug|Any CPU
		{9504693C-B36D-4293-83A8-E75668611573}.Release|Any CPU.ActiveCfg = Release|Any CPU
		{9504693C-B36D-4293-83A8-E75668611573}.Release|Any CPU.Build.0 = Release|Any CPU
		{96D51B96-DD77-4A08-9AF6-6FD0C60F688F}.Debug|Any CPU.ActiveCfg = Debug|Any CPU
		{96D51B96-DD77-4A08-9AF6-6FD0C60F688F}.Debug|Any CPU.Build.0 = Debug|Any CPU
		{96D51B96-DD77-4A08-9AF6-6FD0C60F688F}.Release|Any CPU.ActiveCfg = Release|Any CPU
		{96D51B96-DD77-4A08-9AF6-6FD0C60F688F}.Release|Any CPU.Build.0 = Release|Any CPU
		{F4DA840A-9355-4FE9-AACB-F1BCF6E21636}.Debug|Any CPU.ActiveCfg = Debug|Any CPU
		{F4DA840A-9355-4FE9-AACB-F1BCF6E21636}.Debug|Any CPU.Build.0 = Debug|Any CPU
		{F4DA840A-9355-4FE9-AACB-F1BCF6E21636}.Release|Any CPU.ActiveCfg = Release|Any CPU
		{F4DA840A-9355-4FE9-AACB-F1BCF6E21636}.Release|Any CPU.Build.0 = Release|Any CPU
	EndGlobalSection
	GlobalSection(SolutionProperties) = preSolution
		HideSolutionNode = FALSE
	EndGlobalSection
	GlobalSection(NestedProjects) = preSolution
		{3D23B7E9-6D06-4318-91AA-58C6D100B7C8} = {364F44B1-38E9-445A-A8EE-592065C249A9}
		{FAF616C4-7240-44CB-B3C0-B729ABE3B776} = {F029F2C5-F861-4D9E-89FF-E72CEC958C8B}
		{22CA05F1-D1C4-48AA-9F02-6EAAD9E6795E} = {364F44B1-38E9-445A-A8EE-592065C249A9}
		{2C0EE31A-1372-42C8-8F78-BE63648E85E7} = {793753D2-F912-4712-9A39-28287760750F}
		{2D323146-87F9-47E4-AFA1-5A2939CA5D48} = {793753D2-F912-4712-9A39-28287760750F}
		{8B3D70DC-8666-4B7E-8EEB-E3747F3B1173} = {793753D2-F912-4712-9A39-28287760750F}
		{C7777E73-B40C-47C3-A71B-3F68824A8C97} = {F050011C-DFA4-421E-937E-0D5E3B25C6A5}
		{F050011C-DFA4-421E-937E-0D5E3B25C6A5} = {793753D2-F912-4712-9A39-28287760750F}
		{9504693C-B36D-4293-83A8-E75668611573} = {F050011C-DFA4-421E-937E-0D5E3B25C6A5}
		{96D51B96-DD77-4A08-9AF6-6FD0C60F688F} = {793753D2-F912-4712-9A39-28287760750F}
		{F4DA840A-9355-4FE9-AACB-F1BCF6E21636} = {793753D2-F912-4712-9A39-28287760750F}
	EndGlobalSection
	GlobalSection(ExtensibilityGlobals) = postSolution
		SolutionGuid = {AAA4F27C-872C-483E-BE0C-21E78AB150D9}
	EndGlobalSection
	GlobalSection(Performance) = preSolution
		HasPerformanceSessions = true
	EndGlobalSection
	GlobalSection(Performance) = preSolution
		HasPerformanceSessions = true
	EndGlobalSection
	GlobalSection(Performance) = preSolution
		HasPerformanceSessions = true
	EndGlobalSection
EndGlobal
