
Microsoft Visual Studio Solution File, Format Version 12.00
# Visual Studio 15
VisualStudioVersion = 15.0.27004.2005
MinimumVisualStudioVersion = 10.0.40219.1
Project("{FAE04EC0-301F-11D3-BF4B-00C04F79EFBC}") = "Handiness.Orm", "Handiness.Orm\Handiness.Orm.csproj", "{3D23B7E9-6D06-4318-91AA-58C6D100B7C8}"
EndProject
Project("{2150E333-8FDC-42A3-9474-1A3956D46DE8}") = "1.0", "1.0", "{364F44B1-38E9-445A-A8EE-592065C249A9}"
EndProject
Project("{2150E333-8FDC-42A3-9474-1A3956D46DE8}") = "ADO.NET Schema", "ADO.NET Schema", "{F029F2C5-F861-4D9E-89FF-E72CEC958C8B}"
EndProject
Project("{FAE04EC0-301F-11D3-BF4B-00C04F79EFBC}") = "SchemaViewer", "SchemaViewer\SchemaViewer.csproj", "{FAF616C4-7240-44CB-B3C0-B729ABE3B776}"
EndProject
Project("{FAE04EC0-301F-11D3-BF4B-00C04F79EFBC}") = "Handiness.Orm.Test", "Handiness.Orm.Test\Handiness.Orm.Test.csproj", "{22CA05F1-D1C4-48AA-9F02-6EAAD9E6795E}"
EndProject
Project("{2150E333-8FDC-42A3-9474-1A3956D46DE8}") = "2.0", "2.0", "{793753D2-F912-4712-9A39-28287760750F}"
EndProject
Project("{9A19103F-16F7-4668-BE54-9A1E7A4F7556}") = "Handiness2", "Handiness2\Handiness2.csproj", "{2C0EE31A-1372-42C8-8F78-BE63648E85E7}"
EndProject
Project("{9A19103F-16F7-4668-BE54-9A1E7A4F7556}") = "Handiness2.SyntaxTest", "Handiness2.SyntaxTest\Handiness2.SyntaxTest.csproj", "{2D323146-87F9-47E4-AFA1-5A2939CA5D48}"
EndProject
Project("{9A19103F-16F7-4668-BE54-9A1E7A4F7556}") = "Handiness2.Schema", "Handiness2.Schema\Handiness2.Schema.csproj", "{8B3D70DC-8666-4B7E-8EEB-E3747F3B1173}"
EndProject
Project("{9A19103F-16F7-4668-BE54-9A1E7A4F7556}") = "Handiness2.Schema.SQLServer", "Handiness2.Schema.SQLServer\Handiness2.Schema.SQLServer.csproj", "{C7777E73-B40C-47C3-A71B-3F68824A8C97}"
EndProject
Project("{2150E333-8FDC-42A3-9474-1A3956D46DE8}") = "SQL Server", "SQL Server", "{F050011C-DFA4-421E-937E-0D5E3B25C6A5}"
EndProject
Project("{9A19103F-16F7-4668-BE54-9A1E7A4F7556}") = "Handiness2.SQLServer", "Handiness2.SQLServer\Handiness2.SQLServer.csproj", "{9504693C-B36D-4293-83A8-E75668611573}"
EndProject
Project("{9A19103F-16F7-4668-BE54-9A1E7A4F7556}") = "Handiness2.Schema.Test", "Handiness2.Schema.Test\Handiness2.Schema.Test.csproj", "{96D51B96-DD77-4A08-9AF6-6FD0C60F688F}"
EndProject
Project("{9A19103F-16F7-4668-BE54-9A1E7A4F7556}") = "Handiness2.Schema.Exporter", "Handiness2.Schema.Exporter\Handiness2.Schema.Exporter.csproj", "{F4DA840A-9355-4FE9-AACB-F1BCF6E21636}"
EndProject
Project("{2150E333-8FDC-42A3-9474-1A3956D46DE8}") = "Documents", "Documents", "{F4C17339-59F4-4BDB-9839-0CD8B6A73216}"
	ProjectSection(SolutionItems) = preProject
		compare-example.gif = compare-example.gif
		export-config.gif = export-config.gif
		export.gif = export.gif
		License.md = License.md
	EndProjectSection
EndProject
Project("{2150E333-8FDC-42A3-9474-1A3956D46DE8}") = "Schema", "Schema", "{B0709B01-A619-4E92-BE89-7AAFA2E135FF}"
EndProject
Project("{FAE04EC0-301F-11D3-BF4B-00C04F79EFBC}") = "Handiness2.Schema.Exporter.Windows", "Handiness2.Schema.Exporter.Windows\Handiness2.Schema.Exporter.Windows.csproj", "{65856356-1813-44B8-B772-442C61642E75}"
EndProject
Project("{2150E333-8FDC-42A3-9474-1A3956D46DE8}") = "Exporter", "Exporter", "{DF4635E3-18D5-4A8E-BA12-5C2DC3A1837E}"
EndProject
Global
	GlobalSection(SolutionConfigurationPlatforms) = preSolution
		Debug|Any CPU = Debug|Any CPU
		Release|Any CPU = Release|Any CPU
	EndGlobalSection
	GlobalSection(ProjectConfigurationPlatforms) = postSolution
		{3D23B7E9-6D06-4318-91AA-58C6D100B7C8}.Debug|Any CPU.ActiveCfg = Debug|Any CPU
		{3D23B7E9-6D06-4318-91AA-58C6D100B7C8}.Debug|Any CPU.Build.0 = Debug|Any CPU
		{3D23B7E9-6D06-4318-91AA-58C6D100B7C8}.Release|Any CPU.ActiveCfg = Release|Any CPU
		{3D23B7E9-6D06-4318-91AA-58C6D100B7C8}.Release|Any CPU.Build.0 = Release|Any CPU
		{FAF616C4-7240-44CB-B3C0-B729ABE3B776}.Debug|Any CPU.ActiveCfg = Debug|Any CPU
		{FAF616C4-7240-44CB-B3C0-B729ABE3B776}.Debug|Any CPU.Build.0 = Debug|Any CPU
		{FAF616C4-7240-44CB-B3C0-B729ABE3B776}.Release|Any CPU.ActiveCfg = Release|Any CPU
		{FAF616C4-7240-44CB-B3C0-B729ABE3B776}.Release|Any CPU.Build.0 = Release|Any CPU
		{22CA05F1-D1C4-48AA-9F02-6EAAD9E6795E}.Debug|Any CPU.ActiveCfg = Debug|Any CPU
		{22CA05F1-D1C4-48AA-9F02-6EAAD9E6795E}.Debug|Any CPU.Build.0 = Debug|Any CPU
		{22CA05F1-D1C4-48AA-9F02-6EAAD9E6795E}.Release|Any CPU.ActiveCfg = Release|Any CPU
		{22CA05F1-D1C4-48AA-9F02-6EAAD9E6795E}.Release|Any CPU.Build.0 = Release|Any CPU
		{2C0EE31A-1372-42C8-8F78-BE63648E85E7}.Debug|Any CPU.ActiveCfg = Debug|Any CPU
		{2C0EE31A-1372-42C8-8F78-BE63648E85E7}.Debug|Any CPU.Build.0 = Debug|Any CPU
		{2C0EE31A-1372-42C8-8F78-BE63648E85E7}.Release|Any CPU.ActiveCfg = Release|Any CPU
		{2C0EE31A-1372-42C8-8F78-BE63648E85E7}.Release|Any CPU.Build.0 = Release|Any CPU
		{2D323146-87F9-47E4-AFA1-5A2939CA5D48}.Debug|Any CPU.ActiveCfg = Debug|Any CPU
		{2D323146-87F9-47E4-AFA1-5A2939CA5D48}.Debug|Any CPU.Build.0 = Debug|Any CPU
		{2D323146-87F9-47E4-AFA1-5A2939CA5D48}.Release|Any CPU.ActiveCfg = Release|Any CPU
		{2D323146-87F9-47E4-AFA1-5A2939CA5D48}.Release|Any CPU.Build.0 = Release|Any CPU
		{8B3D70DC-8666-4B7E-8EEB-E3747F3B1173}.Debug|Any CPU.ActiveCfg = Debug|Any CPU
		{8B3D70DC-8666-4B7E-8EEB-E3747F3B1173}.Debug|Any CPU.Build.0 = Debug|Any CPU
		{8B3D70DC-8666-4B7E-8EEB-E3747F3B1173}.Release|Any CPU.ActiveCfg = Release|Any CPU
		{8B3D70DC-8666-4B7E-8EEB-E3747F3B1173}.Release|Any CPU.Build.0 = Release|Any CPU
		{C7777E73-B40C-47C3-A71B-3F68824A8C97}.Debug|Any CPU.ActiveCfg = Debug|Any CPU
		{C7777E73-B40C-47C3-A71B-3F68824A8C97}.Debug|Any CPU.Build.0 = Debug|Any CPU
		{C7777E73-B40C-47C3-A71B-3F68824A8C97}.Release|Any CPU.ActiveCfg = Release|Any CPU
		{C7777E73-B40C-47C3-A71B-3F68824A8C97}.Release|Any CPU.Build.0 = Release|Any CPU
		{9504693C-B36D-4293-83A8-E75668611573}.Debug|Any CPU.ActiveCfg = Debug|Any CPU
		{9504693C-B36D-4293-83A8-E75668611573}.Debug|Any CPU.Build.0 = Debug|Any CPU
		{9504693C-B36D-4293-83A8-E75668611573}.Release|Any CPU.ActiveCfg = Release|Any CPU
		{9504693C-B36D-4293-83A8-E75668611573}.Release|Any CPU.Build.0 = Release|Any CPU
		{96D51B96-DD77-4A08-9AF6-6FD0C60F688F}.Debug|Any CPU.ActiveCfg = Debug|Any CPU
		{96D51B96-DD77-4A08-9AF6-6FD0C60F688F}.Debug|Any CPU.Build.0 = Debug|Any CPU
		{96D51B96-DD77-4A08-9AF6-6FD0C60F688F}.Release|Any CPU.ActiveCfg = Release|Any CPU
		{96D51B96-DD77-4A08-9AF6-6FD0C60F688F}.Release|Any CPU.Build.0 = Release|Any CPU
		{F4DA840A-9355-4FE9-AACB-F1BCF6E21636}.Debug|Any CPU.ActiveCfg = Debug|Any CPU
		{F4DA840A-9355-4FE9-AACB-F1BCF6E21636}.Debug|Any CPU.Build.0 = Debug|Any CPU
		{F4DA840A-9355-4FE9-AACB-F1BCF6E21636}.Release|Any CPU.ActiveCfg = Release|Any CPU
		{F4DA840A-9355-4FE9-AACB-F1BCF6E21636}.Release|Any CPU.Build.0 = Release|Any CPU
		{65856356-1813-44B8-B772-442C61642E75}.Debug|Any CPU.ActiveCfg = Debug|Any CPU
		{65856356-1813-44B8-B772-442C61642E75}.Debug|Any CPU.Build.0 = Debug|Any CPU
		{65856356-1813-44B8-B772-442C61642E75}.Release|Any CPU.ActiveCfg = Release|Any CPU
		{65856356-1813-44B8-B772-442C61642E75}.Release|Any CPU.Build.0 = Release|Any CPU
	EndGlobalSection
	GlobalSection(SolutionProperties) = preSolution
		HideSolutionNode = FALSE
	EndGlobalSection
	GlobalSection(NestedProjects) = preSolution
		{3D23B7E9-6D06-4318-91AA-58C6D100B7C8} = {364F44B1-38E9-445A-A8EE-592065C249A9}
		{FAF616C4-7240-44CB-B3C0-B729ABE3B776} = {F029F2C5-F861-4D9E-89FF-E72CEC958C8B}
		{22CA05F1-D1C4-48AA-9F02-6EAAD9E6795E} = {364F44B1-38E9-445A-A8EE-592065C249A9}
		{2C0EE31A-1372-42C8-8F78-BE63648E85E7} = {793753D2-F912-4712-9A39-28287760750F}
		{2D323146-87F9-47E4-AFA1-5A2939CA5D48} = {793753D2-F912-4712-9A39-28287760750F}
		{8B3D70DC-8666-4B7E-8EEB-E3747F3B1173} = {B0709B01-A619-4E92-BE89-7AAFA2E135FF}
		{C7777E73-B40C-47C3-A71B-3F68824A8C97} = {F050011C-DFA4-421E-937E-0D5E3B25C6A5}
		{F050011C-DFA4-421E-937E-0D5E3B25C6A5} = {793753D2-F912-4712-9A39-28287760750F}
		{9504693C-B36D-4293-83A8-E75668611573} = {F050011C-DFA4-421E-937E-0D5E3B25C6A5}
		{96D51B96-DD77-4A08-9AF6-6FD0C60F688F} = {B0709B01-A619-4E92-BE89-7AAFA2E135FF}
		{F4DA840A-9355-4FE9-AACB-F1BCF6E21636} = {DF4635E3-18D5-4A8E-BA12-5C2DC3A1837E}
		{F4C17339-59F4-4BDB-9839-0CD8B6A73216} = {793753D2-F912-4712-9A39-28287760750F}
		{B0709B01-A619-4E92-BE89-7AAFA2E135FF} = {793753D2-F912-4712-9A39-28287760750F}
		{65856356-1813-44B8-B772-442C61642E75} = {DF4635E3-18D5-4A8E-BA12-5C2DC3A1837E}
		{DF4635E3-18D5-4A8E-BA12-5C2DC3A1837E} = {B0709B01-A619-4E92-BE89-7AAFA2E135FF}
	EndGlobalSection
	GlobalSection(ExtensibilityGlobals) = postSolution
		SolutionGuid = {AAA4F27C-872C-483E-BE0C-21E78AB150D9}
	EndGlobalSection
	GlobalSection(Performance) = preSolution
		HasPerformanceSessions = true
	EndGlobalSection
	GlobalSection(Performance) = preSolution
		HasPerformanceSessions = true
	EndGlobalSection
	GlobalSection(Performance) = preSolution
		HasPerformanceSessions = true
	EndGlobalSection
EndGlobal
